{
  "name": "angularjs-by-example",
  "version": "1.0.0",
  "lockfileVersion": 1,
  "requires": true,
  "dependencies": {
    "@angular/animations": {
      "version": "6.0.0",
      "resolved": "https://registry.npmjs.org/@angular/animations/-/animations-6.0.0.tgz",
      "integrity": "sha512-jl3WZmM/csNeyzdb1cEEc5cUX7jLn3NvPYEiP/ZkKmib0XBGIGBBv7xiuoivTJFJsE4/N5sCFEHRFLnuBBE+OA==",
      "requires": {
        "tslib": "^1.9.0"
      }
    },
    "@angular/common": {
      "version": "6.0.0",
      "resolved": "https://registry.npmjs.org/@angular/common/-/common-6.0.0.tgz",
      "integrity": "sha512-oo/KESihAZo0FsZPHthO9PYhanN4Q+Lo7Lb2HNbWnD+xRIPa1yFC12JOWiD+SPPfFGWMI6aW3wAlcoej1+QKSw==",
      "requires": {
        "tslib": "^1.9.0"
      }
    },
    "@angular/compiler": {
      "version": "6.0.0",
      "resolved": "https://registry.npmjs.org/@angular/compiler/-/compiler-6.0.0.tgz",
      "integrity": "sha512-UsYfsvHf4VVtkhzM7tyabh8co7gqWZTm3p79hbLDeyCEojl0AkrwbSgh0DQnKRxp4Tu3DEeeDkg1ahA7n19I8A==",
      "requires": {
        "tslib": "^1.9.0"
      }
    },
    "@angular/core": {
      "version": "6.0.0",
      "resolved": "https://registry.npmjs.org/@angular/core/-/core-6.0.0.tgz",
      "integrity": "sha512-52X2ZKXOoaMRYaC/ycHePTkXuwku8qJFxoEXAFBItAkk9rebLU4CD8Fx1Z9vUd8aWu1uFfLTxqkgE0mUyBANZw==",
      "requires": {
        "tslib": "^1.9.0"
      }
    },
    "@angular/forms": {
      "version": "6.0.0",
      "resolved": "https://registry.npmjs.org/@angular/forms/-/forms-6.0.0.tgz",
      "integrity": "sha512-4eVfCcSyPRhml7Xa6ia/DgDl3JhOnEdBdHo+jads1YL5AF6D08Tthngjf3KjuctGqZDACPyxNt6ciX4g8IbGCA==",
      "requires": {
        "tslib": "^1.9.0"
      }
    },
    "@angular/http": {
      "version": "6.0.0",
      "resolved": "https://registry.npmjs.org/@angular/http/-/http-6.0.0.tgz",
      "integrity": "sha512-nBZ4KmXx0KR+cIPOMBsJpPhcec5wSCbVtTYRH0zTxmzTmqM3g6+i0PECpqbVgcQEGiOxBLcmXNWfXZl5czpiqw==",
      "requires": {
        "tslib": "^1.9.0"
      }
    },
    "@angular/platform-browser": {
      "version": "6.0.0",
      "resolved": "https://registry.npmjs.org/@angular/platform-browser/-/platform-browser-6.0.0.tgz",
      "integrity": "sha512-ExI1o40BJIbJKFz1p1ivGSgLA1+T0uUo8rjheOZhcGDwCNx54/RapCFLdcHCNiW8NzAIzx+kt4DdXnCSKitnDA==",
      "requires": {
        "tslib": "^1.9.0"
      }
    },
    "@angular/platform-browser-dynamic": {
      "version": "6.0.0",
      "resolved": "https://registry.npmjs.org/@angular/platform-browser-dynamic/-/platform-browser-dynamic-6.0.0.tgz",
      "integrity": "sha512-yk4wZYn2bosuvDaYaEq6UuEeI966/28uCljm5iBfo3l8Vuv2IChk5664M68O6C+KwWzCCWDHvIqm0q178YUYug==",
      "requires": {
        "tslib": "^1.9.0"
      }
    },
    "@angular/router": {
      "version": "6.0.0",
      "resolved": "https://registry.npmjs.org/@angular/router/-/router-6.0.0.tgz",
      "integrity": "sha512-ONrfgfYmFGz0Ht2MvymMvBMxPI9w5037ZfJWpTu1/Xo1XmVOawzj2SvYfEzTqexznWcTAALggq/A23k8r9ArKA==",
      "requires": {
        "tslib": "^1.9.0"
      }
    },
    "@angular/upgrade": {
      "version": "6.0.0",
      "resolved": "https://registry.npmjs.org/@angular/upgrade/-/upgrade-6.0.0.tgz",
      "integrity": "sha512-YpRqxcYzJ14Z98jNaAFzLCIxid3yZdmQFQw6i/E+Jkd9nj77A1/5GqnCWkKCs2C5BbbIe8uqDvVsGWDII61XRQ==",
      "requires": {
        "tslib": "^1.9.0"
      }
    },
    "@ngx-translate/core": {
      "version": "9.1.1",
      "resolved": "https://registry.npmjs.org/@ngx-translate/core/-/core-9.1.1.tgz",
      "integrity": "sha1-rhA5KINrip4Gn9Li52+iGYzH5ig="
    },
    "@ngx-translate/http-loader": {
      "version": "2.0.1",
      "resolved": "https://registry.npmjs.org/@ngx-translate/http-loader/-/http-loader-2.0.1.tgz",
      "integrity": "sha1-qmd4jmS/qGUmkad7Ais7QDEgkRM="
    },
    "@types/angular": {
      "version": "1.6.43",
      "resolved": "https://registry.npmjs.org/@types/angular/-/angular-1.6.43.tgz",
      "integrity": "sha1-YjXvQWBTqGMClwcXUQqTbYicu5o=",
      "dev": true
    },
    "@types/angular-mocks": {
      "version": "1.5.11",
      "resolved": "https://registry.npmjs.org/@types/angular-mocks/-/angular-mocks-1.5.11.tgz",
      "integrity": "sha1-1bvvv3QvIZYHG9oP4FGHi29P1yw=",
      "dev": true,
      "requires": {
        "@types/angular": "*"
      }
    },
    "@types/angular-resource": {
      "version": "1.5.14",
      "resolved": "https://registry.npmjs.org/@types/angular-resource/-/angular-resource-1.5.14.tgz",
      "integrity": "sha1-kC806MmPcIrplJPG1Bazm0oi2f4=",
      "dev": true,
      "requires": {
        "@types/angular": "*"
      }
    },
    "@types/angular-route": {
      "version": "1.3.4",
      "resolved": "https://registry.npmjs.org/@types/angular-route/-/angular-route-1.3.4.tgz",
      "integrity": "sha1-ENP36zE/uKS4MgQflAGGmAPc1N8=",
      "dev": true,
      "requires": {
        "@types/angular": "*"
      }
    },
    "amdefine": {
      "version": "1.0.1",
      "resolved": "https://registry.npmjs.org/amdefine/-/amdefine-1.0.1.tgz",
      "integrity": "sha1-SlKCrBZHKek2Gbz9OtFR+BfOkfU="
    },
    "angular": {
      "version": "1.5.3",
      "resolved": "https://registry.npmjs.org/angular/-/angular-1.5.3.tgz",
      "integrity": "sha1-N8LxmK52wtbzcXpOzvHN3LBIr3k="
    },
    "angular-animate": {
      "version": "1.5.3",
      "resolved": "https://registry.npmjs.org/angular-animate/-/angular-animate-1.5.3.tgz",
      "integrity": "sha1-IZuN4tqGVMdkItq1jkj7CCbYZ+4="
    },
    "angular-messages": {
      "version": "1.5.3",
      "resolved": "https://registry.npmjs.org/angular-messages/-/angular-messages-1.5.3.tgz",
      "integrity": "sha1-686+Mi7ZS96lCvgyBYohoUaEY4Q="
    },
    "angular-mock": {
      "version": "1.0.0",
      "resolved": "https://registry.npmjs.org/angular-mock/-/angular-mock-1.0.0.tgz",
      "integrity": "sha1-Z0MYSb8K3SJbHUngp3Flmks2C6U="
    },
    "angular-mocks": {
      "version": "1.5.3",
      "resolved": "https://registry.npmjs.org/angular-mocks/-/angular-mocks-1.5.3.tgz",
      "integrity": "sha1-t0rdtcN3PGvGVhIOXqVQi37aP8I="
    },
    "angular-resource": {
      "version": "1.5.3",
      "resolved": "https://registry.npmjs.org/angular-resource/-/angular-resource-1.5.3.tgz",
      "integrity": "sha1-9lnmF4ECfWEYpHXXSzH2GvZtgRI="
    },
    "angular-route": {
      "version": "1.5.3",
      "resolved": "https://registry.npmjs.org/angular-route/-/angular-route-1.5.3.tgz",
      "integrity": "sha1-CcEFhHK79maFnXHALAlr/u8Per8="
    },
    "angular-sanitize": {
      "version": "1.5.3",
      "resolved": "https://registry.npmjs.org/angular-sanitize/-/angular-sanitize-1.5.3.tgz",
      "integrity": "sha1-MUJbvRCPxstnMPC2LbxGSeXzC0E="
    },
    "angular-translate": {
      "version": "2.11.0",
      "resolved": "https://registry.npmjs.org/angular-translate/-/angular-translate-2.11.0.tgz",
      "integrity": "sha1-K59CHxPzZEZgVns8IqhiRTgmsUc=",
      "requires": {
        "angular": ">=1.2.26 <=1.6"
      }
    },
    "angular-translate-loader-partial": {
      "version": "2.11.0",
      "resolved": "https://registry.npmjs.org/angular-translate-loader-partial/-/angular-translate-loader-partial-2.11.0.tgz",
      "integrity": "sha1-plpAj8/k1DKAeusRDB9Jf4VQOys=",
      "requires": {
        "angular-translate": "~2.11.0"
      }
    },
    "angular-ui-bootstrap": {
      "version": "1.2.5",
      "resolved": "https://registry.npmjs.org/angular-ui-bootstrap/-/angular-ui-bootstrap-1.2.5.tgz",
      "integrity": "sha1-sMHv8L87emVmiYShuBggqQ3GCZU="
    },
    "async": {
      "version": "0.9.0",
      "resolved": "https://registry.npmjs.org/async/-/async-0.9.0.tgz",
      "integrity": "sha1-rDYTsdqb7RtHUQu0ZRuJMeRxRsc="
    },
    "balanced-match": {
      "version": "1.0.0",
      "resolved": "https://registry.npmjs.org/balanced-match/-/balanced-match-1.0.0.tgz",
      "integrity": "sha1-ibTRmasr7kneFk6gK4nORi1xt2c="
    },
    "bootstrap": {
      "version": "4.0.0",
      "resolved": "https://registry.npmjs.org/bootstrap/-/bootstrap-4.0.0.tgz",
      "integrity": "sha1-zrA4QsFF/MG5tOFdoqBWVrpoRpo="
    },
    "brace-expansion": {
      "version": "1.1.11",
      "resolved": "https://registry.npmjs.org/brace-expansion/-/brace-expansion-1.1.11.tgz",
      "integrity": "sha1-PH/L9SnYcibz0vUrlm/1Jx60Qd0=",
      "requires": {
        "balanced-match": "^1.0.0",
        "concat-map": "0.0.1"
      }
    },
    "colors": {
      "version": "1.0.3",
      "resolved": "https://registry.npmjs.org/colors/-/colors-1.0.3.tgz",
      "integrity": "sha1-BDP0TYCWgP3rYO0mDxsMJi6CpAs="
    },
    "commander": {
      "version": "2.9.0",
      "resolved": "https://registry.npmjs.org/commander/-/commander-2.9.0.tgz",
      "integrity": "sha1-nJkJQXbhIkDLItbFFGCYQA/g99Q=",
      "requires": {
        "graceful-readlink": ">= 1.0.0"
      }
    },
    "concat-map": {
      "version": "0.0.1",
      "resolved": "https://registry.npmjs.org/concat-map/-/concat-map-0.0.1.tgz",
      "integrity": "sha1-2Klr13/Wjfd5OnMDajug1UBdR3s="
    },
    "core-js": {
      "version": "2.4.1",
      "resolved": "https://registry.npmjs.org/core-js/-/core-js-2.4.1.tgz",
      "integrity": "sha1-TekR5mew6ukSTjQlS1OupvxhjT4="
    },
    "corser": {
      "version": "2.0.1",
      "resolved": "https://registry.npmjs.org/corser/-/corser-2.0.1.tgz",
      "integrity": "sha1-jtolLsqrWEDc2XXOuQ2TcMgZ/4c="
    },
    "ecstatic": {
      "version": "1.4.1",
      "resolved": "https://registry.npmjs.org/ecstatic/-/ecstatic-1.4.1.tgz",
      "integrity": "sha1-Mst7b6LikNWGaGdNEV6PDD1WfWo=",
      "requires": {
        "he": "^0.5.0",
        "mime": "^1.2.11",
        "minimist": "^1.1.0",
        "url-join": "^1.0.0"
      }
    },
    "eventemitter3": {
      "version": "1.2.0",
      "resolved": "https://registry.npmjs.org/eventemitter3/-/eventemitter3-1.2.0.tgz",
      "integrity": "sha1-HIaZHYFq0eUEdQ5zh0Ik7PO+xQg="
    },
    "glob": {
      "version": "5.0.15",
      "resolved": "https://registry.npmjs.org/glob/-/glob-5.0.15.tgz",
      "integrity": "sha1-G8k2ueAvSmA/zCIuz3Yz0wuLk7E=",
      "requires": {
        "inflight": "^1.0.4",
        "inherits": "2",
        "minimatch": "2 || 3",
        "once": "^1.3.0",
        "path-is-absolute": "^1.0.0"
      }
    },
    "graceful-readlink": {
      "version": "1.0.1",
      "resolved": "https://registry.npmjs.org/graceful-readlink/-/graceful-readlink-1.0.1.tgz",
      "integrity": "sha1-TK+tdrxi8C+gObL5Tpo906ORpyU="
    },
    "he": {
      "version": "0.5.0",
      "resolved": "https://registry.npmjs.org/he/-/he-0.5.0.tgz",
      "integrity": "sha1-LAX/rvkLaOhg8/0rVO9YCYknfuI="
    },
    "http-proxy": {
      "version": "1.16.2",
      "resolved": "https://registry.npmjs.org/http-proxy/-/http-proxy-1.16.2.tgz",
      "integrity": "sha1-Bt/ykpUr9k2+hHH6nfcwZtTzd0I=",
      "requires": {
        "eventemitter3": "1.x.x",
        "requires-port": "1.x.x"
      }
    },
    "http-server": {
      "version": "0.9.0",
      "resolved": "https://registry.npmjs.org/http-server/-/http-server-0.9.0.tgz",
      "integrity": "sha1-jxsGvcczYY1NxCgxx7oa/04GABo=",
      "requires": {
        "colors": "1.0.3",
        "corser": "~2.0.0",
        "ecstatic": "^1.4.0",
        "http-proxy": "^1.8.1",
        "opener": "~1.4.0",
        "optimist": "0.6.x",
        "portfinder": "0.4.x",
        "union": "~0.4.3"
      }
    },
    "inflight": {
      "version": "1.0.6",
      "resolved": "https://registry.npmjs.org/inflight/-/inflight-1.0.6.tgz",
      "integrity": "sha1-Sb1jMdfQLQwJvJEKEHW6gWW1bfk=",
      "requires": {
        "once": "^1.3.0",
        "wrappy": "1"
      }
    },
    "inherits": {
      "version": "2.0.3",
      "resolved": "https://registry.npmjs.org/inherits/-/inherits-2.0.3.tgz",
      "integrity": "sha1-Yzwsg+PaQqUC9SRmAiSA9CCCYd4="
    },
    "jquery": {
      "version": "1.11.1",
      "resolved": "https://registry.npmjs.org/jquery/-/jquery-1.11.1.tgz",
      "integrity": "sha1-tuyShZARLr7Wnh5Jy/0AJczWDds="
    },
    "mime": {
      "version": "1.6.0",
      "resolved": "https://registry.npmjs.org/mime/-/mime-1.6.0.tgz",
      "integrity": "sha1-Ms2eXGRVO9WNGaVor0Uqz/BJgbE="
    },
    "minimatch": {
      "version": "3.0.4",
      "resolved": "https://registry.npmjs.org/minimatch/-/minimatch-3.0.4.tgz",
      "integrity": "sha1-UWbihkV/AzBgZL5Ul+jbsMPTIIM=",
      "requires": {
        "brace-expansion": "^1.1.7"
      }
    },
    "minimist": {
      "version": "1.2.0",
      "resolved": "https://registry.npmjs.org/minimist/-/minimist-1.2.0.tgz",
      "integrity": "sha1-o1AIsg9BOD7sH7kU9M1d95omQoQ="
    },
    "mkdirp": {
      "version": "0.5.1",
      "resolved": "https://registry.npmjs.org/mkdirp/-/mkdirp-0.5.1.tgz",
      "integrity": "sha1-MAV0OOrGz3+MR2fzhkjWaX11yQM=",
      "requires": {
        "minimist": "0.0.8"
      },
      "dependencies": {
        "minimist": {
          "version": "0.0.8",
          "resolved": "https://registry.npmjs.org/minimist/-/minimist-0.0.8.tgz",
          "integrity": "sha1-hX/Kv8M5fSYluCKCYuhqp6ARsF0="
        }
      }
    },
    "ngx-modialog": {
      "version": "6.0.0",
      "resolved": "https://registry.npmjs.org/ngx-modialog/-/ngx-modialog-6.0.0.tgz",
      "integrity": "sha512-2WxbHqPgSmjV9IT/m3rsIfw/RZkEmV6ZIB3GfWhsrBipWT7HOmTrhz+s+I0nw51EyspB5Hjq+2oQft8XZqNdhg==",
      "requires": {
        "tslib": "^1.9.0"
      }
    },
    "once": {
      "version": "1.4.0",
      "resolved": "https://registry.npmjs.org/once/-/once-1.4.0.tgz",
      "integrity": "sha1-WDsap3WWHUsROsF9nFC6753Xa9E=",
      "requires": {
        "wrappy": "1"
      }
    },
    "opener": {
      "version": "1.4.3",
      "resolved": "https://registry.npmjs.org/opener/-/opener-1.4.3.tgz",
      "integrity": "sha1-XG2ixdflgx6P+jlklQ+NZnSskLg="
    },
    "optimist": {
      "version": "0.6.1",
      "resolved": "https://registry.npmjs.org/optimist/-/optimist-0.6.1.tgz",
      "integrity": "sha1-2j6nRob6IaGaERwybpDrFaAZZoY=",
      "requires": {
        "minimist": "~0.0.1",
        "wordwrap": "~0.0.2"
      },
      "dependencies": {
        "minimist": {
          "version": "0.0.10",
          "resolved": "https://registry.npmjs.org/minimist/-/minimist-0.0.10.tgz",
          "integrity": "sha1-3j+YVD2/lggr5IrRoMfNqDYwHc8="
        }
      }
    },
    "path-is-absolute": {
      "version": "1.0.1",
      "resolved": "https://registry.npmjs.org/path-is-absolute/-/path-is-absolute-1.0.1.tgz",
      "integrity": "sha1-F0uSaHNVNP+8es5r9TpanhtcX18="
    },
    "portfinder": {
      "version": "0.4.0",
      "resolved": "https://registry.npmjs.org/portfinder/-/portfinder-0.4.0.tgz",
      "integrity": "sha1-o/+t/6/k+5jgYBqF7aJ8J86Eyh4=",
      "requires": {
        "async": "0.9.0",
        "mkdirp": "0.5.x"
      }
    },
    "qs": {
      "version": "2.3.3",
      "resolved": "https://registry.npmjs.org/qs/-/qs-2.3.3.tgz",
      "integrity": "sha1-6eha2+ddoLvkyOBHaghikPhjtAQ="
    },
    "requires-port": {
      "version": "1.0.0",
      "resolved": "https://registry.npmjs.org/requires-port/-/requires-port-1.0.0.tgz",
      "integrity": "sha1-kl0mAdOaxIXgkc8NpcbmlNw9yv8="
    },
    "rsvp": {
      "version": "3.6.2",
      "resolved": "https://registry.npmjs.org/rsvp/-/rsvp-3.6.2.tgz",
      "integrity": "sha1-LpZJFZmpbN4bUV1WdKj3qRRSkmo="
    },
    "rxjs": {
      "version": "6.1.0",
      "resolved": "https://registry.npmjs.org/rxjs/-/rxjs-6.1.0.tgz",
      "integrity": "sha512-lMZdl6xbHJCSb5lmnb6nOhsoBVCyoDC5LDJQK9WWyq+tsI7KnlDIZ0r0AZAlBpRPLbwQA9kzSBAZwNIZEZ+hcw==",
      "requires": {
        "tslib": "^1.9.0"
      }
    },
    "rxjs-compat": {
      "version": "6.1.0",
      "resolved": "https://registry.npmjs.org/rxjs-compat/-/rxjs-compat-6.1.0.tgz",
      "integrity": "sha512-x5L1KQy1RqDRpPadN5iDOx71TV9Wqmlmu6OOEn3tFFgaTCB0/N+Lmby/rZHgJ6JEPzzt0nD9Zv+kS53E5JIR5g=="
    },
    "semver": {
      "version": "4.3.6",
      "resolved": "https://registry.npmjs.org/semver/-/semver-4.3.6.tgz",
      "integrity": "sha1-MAvG4OhjdPe6YQaLWx7NV/xlMto="
    },
    "source-map": {
      "version": "0.1.32",
      "resolved": "https://registry.npmjs.org/source-map/-/source-map-0.1.32.tgz",
      "integrity": "sha1-yLbBZ3l7pHQKjqMyUhYv8IWRsmY=",
      "requires": {
        "amdefine": ">=0.0.4"
      }
    },
    "source-map-support": {
      "version": "0.2.10",
      "resolved": "https://registry.npmjs.org/source-map-support/-/source-map-support-0.2.10.tgz",
      "integrity": "sha1-6lo5AKHByyUJagrozFwrSxDe09w=",
      "requires": {
        "source-map": "0.1.32"
      }
    },
    "systemjs": {
      "version": "0.19.47",
      "resolved": "https://registry.npmjs.org/systemjs/-/systemjs-0.19.47.tgz",
      "integrity": "sha1-yMk5NxgPP1SBx2nNJyB2P7SjHG8=",
      "requires": {
        "when": "^3.7.5"
      }
    },
    "traceur": {
      "version": "0.0.104",
      "resolved": "https://registry.npmjs.org/traceur/-/traceur-0.0.104.tgz",
      "integrity": "sha1-lXO3Icie0pfAJc7Oh2F4pHgUsG8=",
      "requires": {
        "commander": "2.9.x",
        "glob": "5.0.x",
        "rsvp": "^3.0.13",
        "semver": "^4.3.3",
        "source-map-support": "~0.2.8"
      }
    },
    "tslib": {
      "version": "1.9.1",
      "resolved": "https://registry.npmjs.org/tslib/-/tslib-1.9.1.tgz",
      "integrity": "sha512-avfPS28HmGLLc2o4elcc2EIq2FcH++Yo5YxpBZi9Yw93BCTGFthI4HPE4Rpep6vSYQaK8e69PelM44tPj+RaQg=="
    },
    "typescript": {
      "version": "2.7.2",
      "resolved": "https://registry.npmjs.org/typescript/-/typescript-2.7.2.tgz",
      "integrity": "sha1-LWFaHvSu5PV0Qlzf9wJu34GRmDY=",
      "dev": true
    },
    "union": {
      "version": "0.4.6",
      "resolved": "https://registry.npmjs.org/union/-/union-0.4.6.tgz",
      "integrity": "sha1-GY+9rrolTniLDvy2MLwR8kopWeA=",
      "requires": {
        "qs": "~2.3.3"
      }
    },
    "url-join": {
      "version": "1.1.0",
      "resolved": "https://registry.npmjs.org/url-join/-/url-join-1.1.0.tgz",
      "integrity": "sha1-dBxsL0WWxIMNZxhGCSDQySIC3Hg="
    },
    "when": {
      "version": "3.7.8",
      "resolved": "https://registry.npmjs.org/when/-/when-3.7.8.tgz",
      "integrity": "sha1-xxMLan6gRpPoQs3J56Hyqjmjn4I="
    },
    "wordwrap": {
      "version": "0.0.3",
      "resolved": "https://registry.npmjs.org/wordwrap/-/wordwrap-0.0.3.tgz",
      "integrity": "sha1-o9XabNXAvAAI03I0u68b7WMFkQc="
    },
    "wrappy": {
      "version": "1.0.2",
      "resolved": "https://registry.npmjs.org/wrappy/-/wrappy-1.0.2.tgz",
      "integrity": "sha1-tSQ9jz7BqjXxNkYFvA0QNuMKtp8="
    },
    "zone.js": {
      "version": "0.8.26",
      "resolved": "https://registry.npmjs.org/zone.js/-/zone.js-0.8.26.tgz",
      "integrity": "sha512-W9Nj+UmBJG251wkCacIkETgra4QgBo/vgoEkb4a2uoLzpQG7qF9nzwoLXWU5xj3Fg2mxGvEDh47mg24vXccYjA=="
    }
  }
}
